// !$*UTF8*$!
{
	archiveVersion = 1;
	classes = {
	};
	objectVersion = 50;
	objects = {

/* Begin PBXBuildFile section */
		75EEE14623179C0700E718A6 /* AppDelegate.swift in Sources */ = {isa = PBXBuildFile; fileRef = 75EEE14523179C0700E718A6 /* AppDelegate.swift */; };
		75EEE14823179C0700E718A6 /* ViewController.swift in Sources */ = {isa = PBXBuildFile; fileRef = 75EEE14723179C0700E718A6 /* ViewController.swift */; };
		75EEE14B23179C0700E718A6 /* Main.storyboard in Resources */ = {isa = PBXBuildFile; fileRef = 75EEE14923179C0700E718A6 /* Main.storyboard */; };
		75EEE14D23179C0800E718A6 /* Assets.xcassets in Resources */ = {isa = PBXBuildFile; fileRef = 75EEE14C23179C0800E718A6 /* Assets.xcassets */; };
		75EEE15023179C0800E718A6 /* LaunchScreen.storyboard in Resources */ = {isa = PBXBuildFile; fileRef = 75EEE14E23179C0800E718A6 /* LaunchScreen.storyboard */; };
		75EEE15B23179DA300E718A6 /* VpnManager.swift in Sources */ = {isa = PBXBuildFile; fileRef = 75EEE15A23179DA300E718A6 /* VpnManager.swift */; };
		75EEE16323179F2E00E718A6 /* PacketTunnelProvider.swift in Sources */ = {isa = PBXBuildFile; fileRef = 75EEE16223179F2E00E718A6 /* PacketTunnelProvider.swift */; };
		75EEE16823179F2E00E718A6 /* PacketTunnel.appex in Embed App Extensions */ = {isa = PBXBuildFile; fileRef = 75EEE16023179F2D00E718A6 /* PacketTunnel.appex */; settings = {ATTRIBUTES = (RemoveHeadersOnCopy, ); }; };
		75EEE1702317A1BE00E718A6 /* Tun2socks.framework in Frameworks */ = {isa = PBXBuildFile; fileRef = 75EEE16F2317A1BE00E718A6 /* Tun2socks.framework */; };
		75EEE1742317B00300E718A6 /* NetworkExtension.framework in Frameworks */ = {isa = PBXBuildFile; fileRef = 75EEE1732317B00300E718A6 /* NetworkExtension.framework */; };
		75EEE1752317B00C00E718A6 /* NetworkExtension.framework in Frameworks */ = {isa = PBXBuildFile; fileRef = 75EEE1732317B00300E718A6 /* NetworkExtension.framework */; };
		75EEE1762317B0E700E718A6 /* VpnManager.swift in Sources */ = {isa = PBXBuildFile; fileRef = 75EEE15A23179DA300E718A6 /* VpnManager.swift */; };
/* End PBXBuildFile section */

/* Begin PBXContainerItemProxy section */
		75EEE16623179F2E00E718A6 /* PBXContainerItemProxy */ = {
			isa = PBXContainerItemProxy;
			containerPortal = 75EEE13A23179C0700E718A6 /* Project object */;
			proxyType = 1;
			remoteGlobalIDString = 75EEE15F23179F2D00E718A6;
			remoteInfo = PacketTunnel;
		};
/* End PBXContainerItemProxy section */

/* Begin PBXCopyFilesBuildPhase section */
		75EEE16C23179F2E00E718A6 /* Embed App Extensions */ = {
			isa = PBXCopyFilesBuildPhase;
			buildActionMask = 2147483647;
			dstPath = "";
			dstSubfolderSpec = 13;
			files = (
				75EEE16823179F2E00E718A6 /* PacketTunnel.appex in Embed App Extensions */,
			);
			name = "Embed App Extensions";
			runOnlyForDeploymentPostprocessing = 0;
		};
/* End PBXCopyFilesBuildPhase section */

/* Begin PBXFileReference section */
		75EEE14223179C0700E718A6 /* vpn.app */ = {isa = PBXFileReference; explicitFileType = wrapper.application; includeInIndex = 0; path = vpn.app; sourceTree = BUILT_PRODUCTS_DIR; };
		75EEE14523179C0700E718A6 /* AppDelegate.swift */ = {isa = PBXFileReference; lastKnownFileType = sourcecode.swift; path = AppDelegate.swift; sourceTree = "<group>"; };
		75EEE14723179C0700E718A6 /* ViewController.swift */ = {isa = PBXFileReference; lastKnownFileType = sourcecode.swift; path = ViewController.swift; sourceTree = "<group>"; };
		75EEE14A23179C0700E718A6 /* Base */ = {isa = PBXFileReference; lastKnownFileType = file.storyboard; name = Base; path = Base.lproj/Main.storyboard; sourceTree = "<group>"; };
		75EEE14C23179C0800E718A6 /* Assets.xcassets */ = {isa = PBXFileReference; lastKnownFileType = folder.assetcatalog; path = Assets.xcassets; sourceTree = "<group>"; };
		75EEE14F23179C0800E718A6 /* Base */ = {isa = PBXFileReference; lastKnownFileType = file.storyboard; name = Base; path = Base.lproj/LaunchScreen.storyboard; sourceTree = "<group>"; };
		75EEE15123179C0800E718A6 /* Info.plist */ = {isa = PBXFileReference; lastKnownFileType = text.plist.xml; path = Info.plist; sourceTree = "<group>"; };
		75EEE15A23179DA300E718A6 /* VpnManager.swift */ = {isa = PBXFileReference; fileEncoding = 4; lastKnownFileType = sourcecode.swift; path = VpnManager.swift; sourceTree = "<group>"; };
		75EEE16023179F2D00E718A6 /* PacketTunnel.appex */ = {isa = PBXFileReference; explicitFileType = "wrapper.app-extension"; includeInIndex = 0; path = PacketTunnel.appex; sourceTree = BUILT_PRODUCTS_DIR; };
		75EEE16223179F2E00E718A6 /* PacketTunnelProvider.swift */ = {isa = PBXFileReference; lastKnownFileType = sourcecode.swift; path = PacketTunnelProvider.swift; sourceTree = "<group>"; };
		75EEE16423179F2E00E718A6 /* Info.plist */ = {isa = PBXFileReference; lastKnownFileType = text.plist.xml; path = Info.plist; sourceTree = "<group>"; };
		75EEE16523179F2E00E718A6 /* PacketTunnel.entitlements */ = {isa = PBXFileReference; lastKnownFileType = text.plist.entitlements; path = PacketTunnel.entitlements; sourceTree = "<group>"; };
		75EEE16E2317A13D00E718A6 /* vpn.entitlements */ = {isa = PBXFileReference; lastKnownFileType = text.plist.entitlements; path = vpn.entitlements; sourceTree = "<group>"; };
		75EEE16F2317A1BE00E718A6 /* Tun2socks.framework */ = {isa = PBXFileReference; lastKnownFileType = wrapper.framework; path = Tun2socks.framework; sourceTree = "<group>"; };
		75EEE1732317B00300E718A6 /* NetworkExtension.framework */ = {isa = PBXFileReference; lastKnownFileType = wrapper.framework; name = NetworkExtension.framework; path = System/Library/Frameworks/NetworkExtension.framework; sourceTree = SDKROOT; };
/* End PBXFileReference section */

/* Begin PBXFrameworksBuildPhase section */
		75EEE13F23179C0700E718A6 /* Frameworks */ = {
			isa = PBXFrameworksBuildPhase;
			buildActionMask = 2147483647;
			files = (
				75EEE1742317B00300E718A6 /* NetworkExtension.framework in Frameworks */,
			);
			runOnlyForDeploymentPostprocessing = 0;
		};
		75EEE15D23179F2D00E718A6 /* Frameworks */ = {
			isa = PBXFrameworksBuildPhase;
			buildActionMask = 2147483647;
			files = (
				75EEE1702317A1BE00E718A6 /* Tun2socks.framework in Frameworks */,
				75EEE1752317B00C00E718A6 /* NetworkExtension.framework in Frameworks */,
			);
			runOnlyForDeploymentPostprocessing = 0;
		};
/* End PBXFrameworksBuildPhase section */

/* Begin PBXGroup section */
		75EEE13923179C0700E718A6 = {
			isa = PBXGroup;
			children = (
				75EEE14423179C0700E718A6 /* vpn */,
				75EEE16123179F2E00E718A6 /* PacketTunnel */,
				75EEE14323179C0700E718A6 /* Products */,
				75EEE15723179C2800E718A6 /* Frameworks */,
			);
			sourceTree = "<group>";
		};
		75EEE14323179C0700E718A6 /* Products */ = {
			isa = PBXGroup;
			children = (
				75EEE14223179C0700E718A6 /* vpn.app */,
				75EEE16023179F2D00E718A6 /* PacketTunnel.appex */,
			);
			name = Products;
			sourceTree = "<group>";
		};
		75EEE14423179C0700E718A6 /* vpn */ = {
			isa = PBXGroup;
			children = (
				75EEE16E2317A13D00E718A6 /* vpn.entitlements */,
				75EEE15A23179DA300E718A6 /* VpnManager.swift */,
				75EEE14523179C0700E718A6 /* AppDelegate.swift */,
				75EEE14723179C0700E718A6 /* ViewController.swift */,
				75EEE14923179C0700E718A6 /* Main.storyboard */,
				75EEE14C23179C0800E718A6 /* Assets.xcassets */,
				75EEE14E23179C0800E718A6 /* LaunchScreen.storyboard */,
				75EEE15123179C0800E718A6 /* Info.plist */,
			);
			path = vpn;
			sourceTree = "<group>";
		};
		75EEE15723179C2800E718A6 /* Frameworks */ = {
			isa = PBXGroup;
			children = (
				75EEE1732317B00300E718A6 /* NetworkExtension.framework */,
			);
			name = Frameworks;
			sourceTree = "<group>";
		};
		75EEE16123179F2E00E718A6 /* PacketTunnel */ = {
			isa = PBXGroup;
			children = (
				75EEE16F2317A1BE00E718A6 /* Tun2socks.framework */,
				75EEE16223179F2E00E718A6 /* PacketTunnelProvider.swift */,
				75EEE16423179F2E00E718A6 /* Info.plist */,
				75EEE16523179F2E00E718A6 /* PacketTunnel.entitlements */,
			);
			path = PacketTunnel;
			sourceTree = "<group>";
		};
/* End PBXGroup section */

/* Begin PBXNativeTarget section */
		75EEE14123179C0700E718A6 /* vpn */ = {
			isa = PBXNativeTarget;
			buildConfigurationList = 75EEE15423179C0800E718A6 /* Build configuration list for PBXNativeTarget "vpn" */;
			buildPhases = (
				75EEE13E23179C0700E718A6 /* Sources */,
				75EEE13F23179C0700E718A6 /* Frameworks */,
				75EEE14023179C0700E718A6 /* Resources */,
				75EEE16C23179F2E00E718A6 /* Embed App Extensions */,
			);
			buildRules = (
			);
			dependencies = (
				75EEE16723179F2E00E718A6 /* PBXTargetDependency */,
			);
			name = vpn;
			productName = vpn;
			productReference = 75EEE14223179C0700E718A6 /* vpn.app */;
			productType = "com.apple.product-type.application";
		};
		75EEE15F23179F2D00E718A6 /* PacketTunnel */ = {
			isa = PBXNativeTarget;
			buildConfigurationList = 75EEE16923179F2E00E718A6 /* Build configuration list for PBXNativeTarget "PacketTunnel" */;
			buildPhases = (
				75EEE15C23179F2D00E718A6 /* Sources */,
				75EEE15D23179F2D00E718A6 /* Frameworks */,
				75EEE15E23179F2D00E718A6 /* Resources */,
			);
			buildRules = (
			);
			dependencies = (
			);
			name = PacketTunnel;
			productName = PacketTunnel;
			productReference = 75EEE16023179F2D00E718A6 /* PacketTunnel.appex */;
			productType = "com.apple.product-type.app-extension";
		};
/* End PBXNativeTarget section */

/* Begin PBXProject section */
		75EEE13A23179C0700E718A6 /* Project object */ = {
			isa = PBXProject;
			attributes = {
				LastSwiftUpdateCheck = 1030;
				LastUpgradeCheck = 1030;
				ORGANIZATIONNAME = duanhai;
				TargetAttributes = {
					75EEE14123179C0700E718A6 = {
						CreatedOnToolsVersion = 10.3;
						SystemCapabilities = {
							com.apple.ApplicationGroups.iOS = {
								enabled = 1;
							};
							com.apple.NetworkExtensions.iOS = {
								enabled = 1;
							};
							com.apple.VPNLite = {
								enabled = 1;
							};
						};
					};
					75EEE15F23179F2D00E718A6 = {
						CreatedOnToolsVersion = 10.3;
						SystemCapabilities = {
							com.apple.NetworkExtensions.iOS = {
								enabled = 1;
							};
							com.apple.VPNLite = {
								enabled = 1;
							};
						};
					};
				};
			};
			buildConfigurationList = 75EEE13D23179C0700E718A6 /* Build configuration list for PBXProject "vpn" */;
			compatibilityVersion = "Xcode 9.3";
			developmentRegion = en;
			hasScannedForEncodings = 0;
			knownRegions = (
				en,
				Base,
			);
			mainGroup = 75EEE13923179C0700E718A6;
			productRefGroup = 75EEE14323179C0700E718A6 /* Products */;
			projectDirPath = "";
			projectRoot = "";
			targets = (
				75EEE14123179C0700E718A6 /* vpn */,
				75EEE15F23179F2D00E718A6 /* PacketTunnel */,
			);
		};
/* End PBXProject section */

/* Begin PBXResourcesBuildPhase section */
		75EEE14023179C0700E718A6 /* Resources */ = {
			isa = PBXResourcesBuildPhase;
			buildActionMask = 2147483647;
			files = (
				75EEE15023179C0800E718A6 /* LaunchScreen.storyboard in Resources */,
				75EEE14D23179C0800E718A6 /* Assets.xcassets in Resources */,
				75EEE14B23179C0700E718A6 /* Main.storyboard in Resources */,
			);
			runOnlyForDeploymentPostprocessing = 0;
		};
		75EEE15E23179F2D00E718A6 /* Resources */ = {
			isa = PBXResourcesBuildPhase;
			buildActionMask = 2147483647;
			files = (
			);
			runOnlyForDeploymentPostprocessing = 0;
		};
/* End PBXResourcesBuildPhase section */

/* Begin PBXSourcesBuildPhase section */
		75EEE13E23179C0700E718A6 /* Sources */ = {
			isa = PBXSourcesBuildPhase;
			buildActionMask = 2147483647;
			files = (
				75EEE14823179C0700E718A6 /* ViewController.swift in Sources */,
				75EEE14623179C0700E718A6 /* AppDelegate.swift in Sources */,
				75EEE15B23179DA300E718A6 /* VpnManager.swift in Sources */,
			);
			runOnlyForDeploymentPostprocessing = 0;
		};
		75EEE15C23179F2D00E718A6 /* Sources */ = {
			isa = PBXSourcesBuildPhase;
			buildActionMask = 2147483647;
			files = (
				75EEE1762317B0E700E718A6 /* VpnManager.swift in Sources */,
				75EEE16323179F2E00E718A6 /* PacketTunnelProvider.swift in Sources */,
			);
			runOnlyForDeploymentPostprocessing = 0;
		};
/* End PBXSourcesBuildPhase section */

/* Begin PBXTargetDependency section */
		75EEE16723179F2E00E718A6 /* PBXTargetDependency */ = {
			isa = PBXTargetDependency;
			target = 75EEE15F23179F2D00E718A6 /* PacketTunnel */;
			targetProxy = 75EEE16623179F2E00E718A6 /* PBXContainerItemProxy */;
		};
/* End PBXTargetDependency section */

/* Begin PBXVariantGroup section */
		75EEE14923179C0700E718A6 /* Main.storyboard */ = {
			isa = PBXVariantGroup;
			children = (
				75EEE14A23179C0700E718A6 /* Base */,
			);
			name = Main.storyboard;
			sourceTree = "<group>";
		};
		75EEE14E23179C0800E718A6 /* LaunchScreen.storyboard */ = {
			isa = PBXVariantGroup;
			children = (
				75EEE14F23179C0800E718A6 /* Base */,
			);
			name = LaunchScreen.storyboard;
			sourceTree = "<group>";
		};
/* End PBXVariantGroup section */

/* Begin XCBuildConfiguration section */
		75EEE15223179C0800E718A6 /* Debug */ = {
			isa = XCBuildConfiguration;
			buildSettings = {
				ALWAYS_SEARCH_USER_PATHS = NO;
				CLANG_ANALYZER_NONNULL = YES;
				CLANG_ANALYZER_NUMBER_OBJECT_CONVERSION = YES_AGGRESSIVE;
				CLANG_CXX_LANGUAGE_STANDARD = "gnu++14";
				CLANG_CXX_LIBRARY = "libc++";
				CLANG_ENABLE_MODULES = YES;
				CLANG_ENABLE_OBJC_ARC = YES;
				CLANG_ENABLE_OBJC_WEAK = YES;
				CLANG_WARN_BLOCK_CAPTURE_AUTORELEASING = YES;
				CLANG_WARN_BOOL_CONVERSION = YES;
				CLANG_WARN_COMMA = YES;
				CLANG_WARN_CONSTANT_CONVERSION = YES;
				CLANG_WARN_DEPRECATED_OBJC_IMPLEMENTATIONS = YES;
				CLANG_WARN_DIRECT_OBJC_ISA_USAGE = YES_ERROR;
				CLANG_WARN_DOCUMENTATION_COMMENTS = YES;
				CLANG_WARN_EMPTY_BODY = YES;
				CLANG_WARN_ENUM_CONVERSION = YES;
				CLANG_WARN_INFINITE_RECURSION = YES;
				CLANG_WARN_INT_CONVERSION = YES;
				CLANG_WARN_NON_LITERAL_NULL_CONVERSION = YES;
				CLANG_WARN_OBJC_IMPLICIT_RETAIN_SELF = YES;
				CLANG_WARN_OBJC_LITERAL_CONVERSION = YES;
				CLANG_WARN_OBJC_ROOT_CLASS = YES_ERROR;
				CLANG_WARN_RANGE_LOOP_ANALYSIS = YES;
				CLANG_WARN_STRICT_PROTOTYPES = YES;
				CLANG_WARN_SUSPICIOUS_MOVE = YES;
				CLANG_WARN_UNGUARDED_AVAILABILITY = YES_AGGRESSIVE;
				CLANG_WARN_UNREACHABLE_CODE = YES;
				CLANG_WARN__DUPLICATE_METHOD_MATCH = YES;
				CODE_SIGN_IDENTITY = "iPhone Developer";
				COPY_PHASE_STRIP = NO;
				DEBUG_INFORMATION_FORMAT = dwarf;
				ENABLE_STRICT_OBJC_MSGSEND = YES;
				ENABLE_TESTABILITY = YES;
				GCC_C_LANGUAGE_STANDARD = gnu11;
				GCC_DYNAMIC_NO_PIC = NO;
				GCC_NO_COMMON_BLOCKS = YES;
				GCC_OPTIMIZATION_LEVEL = 0;
				GCC_PREPROCESSOR_DEFINITIONS = (
					"DEBUG=1",
					"$(inherited)",
				);
				GCC_WARN_64_TO_32_BIT_CONVERSION = YES;
				GCC_WARN_ABOUT_RETURN_TYPE = YES_ERROR;
				GCC_WARN_UNDECLARED_SELECTOR = YES;
				GCC_WARN_UNINITIALIZED_AUTOS = YES_AGGRESSIVE;
				GCC_WARN_UNUSED_FUNCTION = YES;
				GCC_WARN_UNUSED_VARIABLE = YES;
				IPHONEOS_DEPLOYMENT_TARGET = 12.4;
				MTL_ENABLE_DEBUG_INFO = INCLUDE_SOURCE;
				MTL_FAST_MATH = YES;
				ONLY_ACTIVE_ARCH = YES;
				SDKROOT = iphoneos;
				SWIFT_ACTIVE_COMPILATION_CONDITIONS = DEBUG;
				SWIFT_OPTIMIZATION_LEVEL = "-Onone";
			};
			name = Debug;
		};
		75EEE15323179C0800E718A6 /* Release */ = {
			isa = XCBuildConfiguration;
			buildSettings = {
				ALWAYS_SEARCH_USER_PATHS = NO;
				CLANG_ANALYZER_NONNULL = YES;
				CLANG_ANALYZER_NUMBER_OBJECT_CONVERSION = YES_AGGRESSIVE;
				CLANG_CXX_LANGUAGE_STANDARD = "gnu++14";
				CLANG_CXX_LIBRARY = "libc++";
				CLANG_ENABLE_MODULES = YES;
				CLANG_ENABLE_OBJC_ARC = YES;
				CLANG_ENABLE_OBJC_WEAK = YES;
				CLANG_WARN_BLOCK_CAPTURE_AUTORELEASING = YES;
				CLANG_WARN_BOOL_CONVERSION = YES;
				CLANG_WARN_COMMA = YES;
				CLANG_WARN_CONSTANT_CONVERSION = YES;
				CLANG_WARN_DEPRECATED_OBJC_IMPLEMENTATIONS = YES;
				CLANG_WARN_DIRECT_OBJC_ISA_USAGE = YES_ERROR;
				CLANG_WARN_DOCUMENTATION_COMMENTS = YES;
				CLANG_WARN_EMPTY_BODY = YES;
				CLANG_WARN_ENUM_CONVERSION = YES;
				CLANG_WARN_INFINITE_RECURSION = YES;
				CLANG_WARN_INT_CONVERSION = YES;
				CLANG_WARN_NON_LITERAL_NULL_CONVERSION = YES;
				CLANG_WARN_OBJC_IMPLICIT_RETAIN_SELF = YES;
				CLANG_WARN_OBJC_LITERAL_CONVERSION = YES;
				CLANG_WARN_OBJC_ROOT_CLASS = YES_ERROR;
				CLANG_WARN_RANGE_LOOP_ANALYSIS = YES;
				CLANG_WARN_STRICT_PROTOTYPES = YES;
				CLANG_WARN_SUSPICIOUS_MOVE = YES;
				CLANG_WARN_UNGUARDED_AVAILABILITY = YES_AGGRESSIVE;
				CLANG_WARN_UNREACHABLE_CODE = YES;
				CLANG_WARN__DUPLICATE_METHOD_MATCH = YES;
				CODE_SIGN_IDENTITY = "iPhone Developer";
				COPY_PHASE_STRIP = NO;
				DEBUG_INFORMATION_FORMAT = "dwarf-with-dsym";
				ENABLE_NS_ASSERTIONS = NO;
				ENABLE_STRICT_OBJC_MSGSEND = YES;
				GCC_C_LANGUAGE_STANDARD = gnu11;
				GCC_NO_COMMON_BLOCKS = YES;
				GCC_WARN_64_TO_32_BIT_CONVERSION = YES;
				GCC_WARN_ABOUT_RETURN_TYPE = YES_ERROR;
				GCC_WARN_UNDECLARED_SELECTOR = YES;
				GCC_WARN_UNINITIALIZED_AUTOS = YES_AGGRESSIVE;
				GCC_WARN_UNUSED_FUNCTION = YES;
				GCC_WARN_UNUSED_VARIABLE = YES;
				IPHONEOS_DEPLOYMENT_TARGET = 12.4;
				MTL_ENABLE_DEBUG_INFO = NO;
				MTL_FAST_MATH = YES;
				SDKROOT = iphoneos;
				SWIFT_COMPILATION_MODE = wholemodule;
				SWIFT_OPTIMIZATION_LEVEL = "-O";
				VALIDATE_PRODUCT = YES;
			};
			name = Release;
		};
		75EEE15523179C0800E718A6 /* Debug */ = {
			isa = XCBuildConfiguration;
			buildSettings = {
				ALWAYS_EMBED_SWIFT_STANDARD_LIBRARIES = YES;
				ASSETCATALOG_COMPILER_APPICON_NAME = AppIcon;
				CODE_SIGN_ENTITLEMENTS = vpn/vpn.entitlements;
				CODE_SIGN_STYLE = Automatic;
				DEVELOPMENT_TEAM = HJBWH4755S;
				INFOPLIST_FILE = vpn/Info.plist;
				LD_RUNPATH_SEARCH_PATHS = (
					"$(inherited)",
					"@executable_path/Frameworks",
				);
				PRODUCT_BUNDLE_IDENTIFIER = com.duanhai.vpn;
				PRODUCT_NAME = "$(TARGET_NAME)";
				SWIFT_VERSION = 5.0;
				TARGETED_DEVICE_FAMILY = "1,2";
			};
			name = Debug;
		};
		75EEE15623179C0800E718A6 /* Release */ = {
			isa = XCBuildConfiguration;
			buildSettings = {
				ALWAYS_EMBED_SWIFT_STANDARD_LIBRARIES = YES;
				ASSETCATALOG_COMPILER_APPICON_NAME = AppIcon;
				CODE_SIGN_ENTITLEMENTS = vpn/vpn.entitlements;
				CODE_SIGN_STYLE = Automatic;
				DEVELOPMENT_TEAM = HJBWH4755S;
				INFOPLIST_FILE = vpn/Info.plist;
				LD_RUNPATH_SEARCH_PATHS = (
					"$(inherited)",
					"@executable_path/Frameworks",
				);
				PRODUCT_BUNDLE_IDENTIFIER = com.duanhai.vpn;
				PRODUCT_NAME = "$(TARGET_NAME)";
				SWIFT_VERSION = 5.0;
				TARGETED_DEVICE_FAMILY = "1,2";
			};
			name = Release;
		};
		75EEE16A23179F2E00E718A6 /* Debug */ = {
			isa = XCBuildConfiguration;
			buildSettings = {
				CODE_SIGN_ENTITLEMENTS = PacketTunnel/PacketTunnel.entitlements;
				CODE_SIGN_STYLE = Automatic;
				DEVELOPMENT_TEAM = HJBWH4755S;
				ENABLE_BITCODE = NO;
				FRAMEWORK_SEARCH_PATHS = (
					"$(inherited)",
					"$(PROJECT_DIR)/PacketTunnel",
				);
				INFOPLIST_FILE = PacketTunnel/Info.plist;
				LD_RUNPATH_SEARCH_PATHS = (
					"$(inherited)",
					"@executable_path/Frameworks",
					"@executable_path/../../Frameworks",
				);
				PRODUCT_BUNDLE_IDENTIFIER = com.duanhai.vpn.PacketTunnel;
				PRODUCT_NAME = "$(TARGET_NAME)";
				SKIP_INSTALL = YES;
				SWIFT_VERSION = 5.0;
				TARGETED_DEVICE_FAMILY = "1,2";
			};
			name = Debug;
		};
		75EEE16B23179F2E00E718A6 /* Release */ = {
			isa = XCBuildConfiguration;
			buildSettings = {
				CODE_SIGN_ENTITLEMENTS = PacketTunnel/PacketTunnel.entitlements;
				CODE_SIGN_STYLE = Automatic;
				DEVELOPMENT_TEAM = HJBWH4755S;
				ENABLE_BITCODE = NO;
				FRAMEWORK_SEARCH_PATHS = (
					"$(inherited)",
					"$(PROJECT_DIR)/PacketTunnel",
				);
				INFOPLIST_FILE = PacketTunnel/Info.plist;
				LD_RUNPATH_SEARCH_PATHS = (
					"$(inherited)",
					"@executable_path/Frameworks",
					"@executable_path/../../Frameworks",
				);
				PRODUCT_BUNDLE_IDENTIFIER = com.duanhai.vpn.PacketTunnel;
				PRODUCT_NAME = "$(TARGET_NAME)";
				SKIP_INSTALL = YES;
				SWIFT_VERSION = 5.0;
				TARGETED_DEVICE_FAMILY = "1,2";
			};
			name = Release;
		};
/* End XCBuildConfiguration section */

/* Begin XCConfigurationList section */
		75EEE13D23179C0700E718A6 /* Build configuration list for PBXProject "vpn" */ = {
			isa = XCConfigurationList;
			buildConfigurations = (
				75EEE15223179C0800E718A6 /* Debug */,
				75EEE15323179C0800E718A6 /* Release */,
			);
			defaultConfigurationIsVisible = 0;
			defaultConfigurationName = Release;
		};
		75EEE15423179C0800E718A6 /* Build configuration list for PBXNativeTarget "vpn" */ = {
			isa = XCConfigurationList;
			buildConfigurations = (
				75EEE15523179C0800E718A6 /* Debug */,
				75EEE15623179C0800E718A6 /* Release */,
			);
			defaultConfigurationIsVisible = 0;
			defaultConfigurationName = Release;
		};
		75EEE16923179F2E00E718A6 /* Build configuration list for PBXNativeTarget "PacketTunnel" */ = {
			isa = XCConfigurationList;
			buildConfigurations = (
				75EEE16A23179F2E00E718A6 /* Debug */,
				75EEE16B23179F2E00E718A6 /* Release */,
			);
			defaultConfigurationIsVisible = 0;
			defaultConfigurationName = Release;
		};
/* End XCConfigurationList section */
	};
	rootObject = 75EEE13A23179C0700E718A6 /* Project object */;
}
